
Microsoft Visual Studio Solution File, Format Version 11.00
# Visual Studio 2010
Project("{FAE04EC0-301F-11D3-BF4B-00C04F79EFBC}") = "Assembly-CSharp-firstpass", "Assembly-CSharp-firstpass.csproj", "{08868EA3-23CD-76E8-F6EE-F71FD212A0D1}"
EndProject
Project("{FAE04EC0-301F-11D3-BF4B-00C04F79EFBC}") = "Assembly-CSharp", "Assembly-CSharp.csproj", "{758332D9-E4C3-FA3F-A07E-FAB8DC55AF74}"
EndProject
Project("{FAE04EC0-301F-11D3-BF4B-00C04F79EFBC}") = "Assembly-CSharp-Editor", "Assembly-CSharp-Editor.csproj", "{E9792318-E560-9BE9-929D-96203FE54294}"
EndProject
Global
	GlobalSection(SolutionConfigurationPlatforms) = preSolution
		Debug|Any CPU = Debug|Any CPU
		Release|Any CPU = Release|Any CPU
	EndGlobalSection
	GlobalSection(ProjectConfigurationPlatforms) = postSolution
		{08868EA3-23CD-76E8-F6EE-F71FD212A0D1}.Debug|Any CPU.ActiveCfg = Debug|Any CPU
		{08868EA3-23CD-76E8-F6EE-F71FD212A0D1}.Debug|Any CPU.Build.0 = Debug|Any CPU
		{08868EA3-23CD-76E8-F6EE-F71FD212A0D1}.Release|Any CPU.ActiveCfg = Release|Any CPU
		{08868EA3-23CD-76E8-F6EE-F71FD212A0D1}.Release|Any CPU.Build.0 = Release|Any CPU
		{758332D9-E4C3-FA3F-A07E-FAB8DC55AF74}.Debug|Any CPU.ActiveCfg = Debug|Any CPU
		{758332D9-E4C3-FA3F-A07E-FAB8DC55AF74}.Debug|Any CPU.Build.0 = Debug|Any CPU
		{758332D9-E4C3-FA3F-A07E-FAB8DC55AF74}.Release|Any CPU.ActiveCfg = Release|Any CPU
		{758332D9-E4C3-FA3F-A07E-FAB8DC55AF74}.Release|Any CPU.Build.0 = Release|Any CPU
		{E9792318-E560-9BE9-929D-96203FE54294}.Debug|Any CPU.ActiveCfg = Debug|Any CPU
		{E9792318-E560-9BE9-929D-96203FE54294}.Debug|Any CPU.Build.0 = Debug|Any CPU
		{E9792318-E560-9BE9-929D-96203FE54294}.Release|Any CPU.ActiveCfg = Release|Any CPU
		{E9792318-E560-9BE9-929D-96203FE54294}.Release|Any CPU.Build.0 = Release|Any CPU
	EndGlobalSection
	GlobalSection(SolutionProperties) = preSolution
		HideSolutionNode = FALSE
	EndGlobalSection
EndGlobal
